
Microsoft Visual Studio Solution File, Format Version 12.00
# Visual Studio Version 16
VisualStudioVersion = 16.0.30320.27
MinimumVisualStudioVersion = 10.0.40219.1
Project("{FAE04EC0-301F-11D3-BF4B-00C04F79EFBC}") = "Test_API", "Test_API.csproj", "{327B65F3-7DD8-47C7-865D-E2960774EDB5}"
EndProject
Global
	GlobalSection(SolutionConfigurationPlatforms) = preSolution
		Debug|Any CPU = Debug|Any CPU
		Release|Any CPU = Release|Any CPU
	EndGlobalSection
	GlobalSection(ProjectConfigurationPlatforms) = postSolution
		{327B65F3-7DD8-47C7-865D-E2960774EDB5}.Debug|Any CPU.ActiveCfg = Debug|Any CPU
		{327B65F3-7DD8-47C7-865D-E2960774EDB5}.Debug|Any CPU.Build.0 = Debug|Any CPU
		{327B65F3-7DD8-47C7-865D-E2960774EDB5}.Release|Any CPU.ActiveCfg = Release|Any CPU
		{327B65F3-7DD8-47C7-865D-E2960774EDB5}.Release|Any CPU.Build.0 = Release|Any CPU
	EndGlobalSection
	GlobalSection(SolutionProperties) = preSolution
		HideSolutionNode = FALSE
	EndGlobalSection
	GlobalSection(ExtensibilityGlobals) = postSolution
		SolutionGuid = {81A9945C-7115-4480-A882-DC03F3296C27}
	EndGlobalSection
EndGlobal
